{
    "_meta": {
        "hash": {
            "sha256": "faad61a46ed0ecd194ff15c6ef293766c739d10323760944643a18d9c12a194a"
        },
        "pipfile-spec": 6,
        "requires": {
            "python_version": "3.7"
        },
        "sources": [
            {
                "name": "pypi",
                "url": "https://pypi.org/simple",
                "verify_ssl": true
            }
        ]
    },
    "default": {
        "blis": {
            "hashes": [
                "sha256:039129410a338be8db8cf48c54334bd7c30da7e72bad2741e59313b1d242814b",
                "sha256:058f9109aaea9d4f88cb623a44994d96c8cf36448de3e1bd30210628d6b52e9e",
                "sha256:278d7b95e56cf82a6bef91cd8283eadc9401f2d3bdbbf2cdfdb605cf9081c36e",
                "sha256:2d4ca1508fd6229c7994fc17ba324083a5b83f66612c8ea62623a41a1768b030",
                "sha256:51a54bad6175e9b154beeb628a879ed492ee2247c9e40c77bdf6fc772145130c",
                "sha256:886b313f96d4e268a0587e98c1637d963c73defa8de51e2e6b0d0bd00f16afbb",
                "sha256:9f12e6f1e4b10dbb1e0e34e98f60e8435058a60d544a009cb761351fe1d12cad",
                "sha256:a54d4fa1908d586f8bce9851a453cb89d1542e9aca65b8b88e9bb9432d626f80",
                "sha256:b9d6cef13d95e3752320cd942df25e09160a6f9dfc3d7b41af7cdc772ab18270",
                "sha256:d571464d195a950e60bf1547c8914d4da50952e06a0f38cea7b0829d0a4b985a",
                "sha256:d616d64c85e6be92d69a1410dc58146cb9603fd1eb148f9ee512b8fddfd789f6",
                "sha256:e477c7eaacf7dcccbb190a29559579efb287ecf5c2a9a7a6f9acb0452899f033",
                "sha256:e6ae1986625af86f90f111f9d2d284b9e45fddfe56cf40524cdd9417a6a33b87"
            ],
            "version": "==0.2.4"
        },
        "certifi": {
            "hashes": [
                "sha256:2bbf76fd432960138b3ef6dda3dde0544f27cbf8546c458e60baf371917ba9ee",
                "sha256:50b1e4f8446b06f41be7dd6338db18e0990601dce795c2b1686458aa7e8fa7d8"
            ],
            "version": "==2021.5.30"
        },
        "chardet": {
            "hashes": [
                "sha256:0d6f53a15db4120f2b08c94f11e7d93d2c911ee118b6b30a04ec3ee8310179fa",
                "sha256:f864054d66fd9118f2e67044ac8981a54775ec5b67aed0441892edb553d21da5"
            ],
            "version": "==4.0.0"
        },
        "cymem": {
            "hashes": [
                "sha256:01d3ea159f7a3f3192b1e800ed8207dac7586794d903a153198b9ea317f144bc",
                "sha256:190e15d9cf2c3bde60ae37bddbae6568a36044dc4a326d84081a5fa08818eee0",
                "sha256:1f0eb9b3d03623dcfc746cf8bff0663b0e347f4aea759965c8932087a0307ee9",
                "sha256:3d48902d7441645835fefc7832df49feb5362c7300d182475b63a01d25ae44ef",
                "sha256:4bd023c2477198b39b660c2a6b0242880649765ecee8461688a57fd4afd2bfc0",
                "sha256:734d82d0d03c2ceb929bc1744c04dbe0a105e68a4947c8406056a36f86c41830",
                "sha256:8ea57e6923f40eb51012352161bb5707c14a5a5ce901ff72021e59df06221655",
                "sha256:9d72d69f7a62a280199c3aa7bc550685c47d6d0689b2d299e6492253b86d2437",
                "sha256:a440d63577fcdc9c528c9cc026b7b4f8648193bac462bc0596c9eac10f9fba62",
                "sha256:ce1e81c1d031f56b67bac2136e73b4512cbc794706cd570178972d54ba6115d8",
                "sha256:d19f68b90411e02ab33b1654118337f96f41c13a3cd00c4f44f7abed2bc712e7",
                "sha256:d307f7f6230d861a938837cae4b855226b6845a21c010242a15e9ce6853856cd",
                "sha256:f2167c9959fcd639b95d51fa5efaa7c61eef8d686cb75a25412a914f428ce980"
            ],
            "version": "==2.0.5"
        },
        "idna": {
            "hashes": [
                "sha256:b307872f855b18632ce0c21c5e45be78c0ea7ae4c15c828c20788b26921eb3f6",
                "sha256:b97d804b1e9b523befed77c48dacec60e6dcb0b5391d57af6a65a312a90648c0"
            ],
            "version": "==2.10"
        },
        "jinja2": {
            "hashes": [
                "sha256:065c4f02ebe7f7cf559e49ee5a95fb800a9e4528727aec6f24402a5374c65013",
                "sha256:14dd6caf1527abb21f08f86c784eac40853ba93edb79552aa1e4b8aef1b61c7b"
            ],
            "index": "pypi",
            "version": "==2.10.1"
        },
        "markupsafe": {
            "hashes": [
                "sha256:01a9b8ea66f1658938f65b93a85ebe8bc016e6769611be228d797c9d998dd298",
                "sha256:023cb26ec21ece8dc3907c0e8320058b2e0cb3c55cf9564da612bc325bed5e64",
                "sha256:0446679737af14f45767963a1a9ef7620189912317d095f2d9ffa183a4d25d2b",
                "sha256:0717a7390a68be14b8c793ba258e075c6f4ca819f15edfc2a3a027c823718567",
                "sha256:0955295dd5eec6cb6cc2fe1698f4c6d84af2e92de33fbcac4111913cd100a6ff",
                "sha256:10f82115e21dc0dfec9ab5c0223652f7197feb168c940f3ef61563fc2d6beb74",
                "sha256:1d609f577dc6e1aa17d746f8bd3c31aa4d258f4070d61b2aa5c4166c1539de35",
                "sha256:2ef54abee730b502252bcdf31b10dacb0a416229b72c18b19e24a4509f273d26",
                "sha256:3c112550557578c26af18a1ccc9e090bfe03832ae994343cfdacd287db6a6ae7",
                "sha256:47ab1e7b91c098ab893b828deafa1203de86d0bc6ab587b160f78fe6c4011f75",
                "sha256:49e3ceeabbfb9d66c3aef5af3a60cc43b85c33df25ce03d0031a608b0a8b2e3f",
                "sha256:4efca8f86c54b22348a5467704e3fec767b2db12fc39c6d963168ab1d3fc9135",
                "sha256:53edb4da6925ad13c07b6d26c2a852bd81e364f95301c66e930ab2aef5b5ddd8",
                "sha256:594c67807fb16238b30c44bdf74f36c02cdf22d1c8cda91ef8a0ed8dabf5620a",
                "sha256:611d1ad9a4288cf3e3c16014564df047fe08410e628f89805e475368bd304914",
                "sha256:6557b31b5e2c9ddf0de32a691f2312a32f77cd7681d8af66c2692efdbef84c18",
                "sha256:693ce3f9e70a6cf7d2fb9e6c9d8b204b6b39897a2c4a1aa65728d5ac97dcc1d8",
                "sha256:6a7fae0dd14cf60ad5ff42baa2e95727c3d81ded453457771d02b7d2b3f9c0c2",
                "sha256:6c4ca60fa24e85fe25b912b01e62cb969d69a23a5d5867682dd3e80b5b02581d",
                "sha256:7d91275b0245b1da4d4cfa07e0faedd5b0812efc15b702576d103293e252af1b",
                "sha256:905fec760bd2fa1388bb5b489ee8ee5f7291d692638ea5f67982d968366bef9f",
                "sha256:97383d78eb34da7e1fa37dd273c20ad4320929af65d156e35a5e2d89566d9dfb",
                "sha256:984d76483eb32f1bcb536dc27e4ad56bba4baa70be32fa87152832cdd9db0833",
                "sha256:a30e67a65b53ea0a5e62fe23682cfe22712e01f453b95233b25502f7c61cb415",
                "sha256:ab3ef638ace319fa26553db0624c4699e31a28bb2a835c5faca8f8acf6a5a902",
                "sha256:b2f4bf27480f5e5e8ce285a8c8fd176c0b03e93dcc6646477d4630e83440c6a9",
                "sha256:b7f2d075102dc8c794cbde1947378051c4e5180d52d276987b8d28a3bd58c17d",
                "sha256:be98f628055368795d818ebf93da628541e10b75b41c559fdf36d104c5787066",
                "sha256:d7f9850398e85aba693bb640262d3611788b1f29a79f0c93c565694658f4071f",
                "sha256:f5653a225f31e113b152e56f154ccbe59eeb1c7487b39b9d9f9cdb58e6c79dc5",
                "sha256:f826e31d18b516f653fe296d967d700fddad5901ae07c622bb3705955e1faa94",
                "sha256:f8ba0e8349a38d3001fae7eadded3f6606f0da5d748ee53cc1dab1d6527b9509",
                "sha256:f9081981fe268bd86831e5c75f7de206ef275defcb82bc70740ae6dc507aee51",
                "sha256:fa130dd50c57d53368c9d59395cb5526eda596d3ffe36666cd81a44d56e48872"
            ],
            "version": "==2.0.1"
        },
        "murmurhash": {
            "hashes": [
                "sha256:023391cfefe584ac544c1ea0936976c0119b17dd27bb8280652cef1704f76428",
                "sha256:23c56182822a1ed88e2a098ac56958dfec380696a9a943df203b9b41e4bcf5e4",
                "sha256:76251513a2acad6c2e4b7aeffc5fcb807ee97a66cad5c2990557556555a6b7e9",
                "sha256:81474a45c4074637a6dfc8fea4cdebf091ab5aa781c2cfcb94c43b16030badd7",
                "sha256:8381172e03c5f6f947005fb146a53c5e5a9e0d630be4a40cbf8838e9324bfe1c",
                "sha256:892749023da26420d194f37bfa30df1368aaac0149cfa3b2105db36b66549e37",
                "sha256:98ec9d727bd998a35385abd56b062cf0cca216725ea7ec5068604ab566f7e97f",
                "sha256:99e55488476a5f70e8d305fd31258f140e52f724f788bcc50c31ec846a2b3766",
                "sha256:a9bd2312996e6e47605af305a1e5f091eba1bdd637cdd9986aec4885cb4c5530",
                "sha256:add366944eb8ec73013a4f36e166c5a4f0f7628ffe1746bc5fe031347489e5e8",
                "sha256:b9292c532538cf47846ca81056cfeab08b877c35fe7521d6524aa92ddcd833e2",
                "sha256:d4c3a0242014cf4c84e9ea0ba3f13b48f02a3992de3da7b1116d11b816451195",
                "sha256:d58315961dc5a5e740f41f2ac5c3a0ebc61ef472f8afeb4db7eeb3b863243105",
                "sha256:ef8819d15973e0d6f69688bafc097a1fae081675c1de39807028869a1320b1a9",
                "sha256:f00321998f0a6bad3fd068babf448a296d4b0b1f4dd424cab863ebe5ed54182f",
                "sha256:fd17973fd4554715efd8d86b3e9200358e49e437fdb92a897ca127aced48b61c",
                "sha256:fed7578fbaa6c301f27ed80834c1f7494ea7d335e269e98b9aee477cf0b3b487"
            ],
            "version": "==1.0.5"
        },
        "numpy": {
            "hashes": [
                "sha256:068cfc78963ce8b9dd2dc7ad1f2d5ebebc47e10103ea0166074e6bd31e78aeb8",
                "sha256:17f3ac57e19740f1c064c284ad361148be245fabbd6390bec3ffa814fb287fd6",
                "sha256:19e076e4d9b66fd63477e907ed2a4c6662bbcd5a74b2cf50a9b0753afb4ee167",
                "sha256:234fc98750ada00204ebf3acd94baea213c6f9f0ff6b097d06952f734f67e58a",
                "sha256:305aff30d8976eccf14751a1095dac0e60e0c071f1fb82e6c53948fc5b6b346c",
                "sha256:35180d82f457f0857963a486c16bd472582f217827c839dcb3a3de298b532f11",
                "sha256:438129e0d1dd03d235ae25c45b5621888d699935cf5b813d08a0bb2e7221c9d4",
                "sha256:4796c196faa5f5418ce9a8ee0e993c925755e505778e32442263422c4fe88013",
                "sha256:4c6395cc3eefdd1c9ede1c84ad8e728edfc97ea506b04b9600d4cb61c7b80cb4",
                "sha256:56d67935694d9270e0a9bcfd6b9169f81ef2c2e5e154acd57ac7afe2d48d7b29",
                "sha256:57410c33aef7b3fd4ef2e5f09f1c084a21021055c74034748b8d2957a72dad01",
                "sha256:63b3d66f5610c61d3d1b47687b99584fdf7734192344814d80f2670e0c7b05ef",
                "sha256:6ed13704d67934d458abeaacd96079bb8ae5f0ea000765777449e94288590097",
                "sha256:723fff54844d9c1e01703ed2bc177f892fd89530b7671e8191a639d799cd75b7",
                "sha256:7ada705e3e9364f874c41fc370c23247f4c1466888dfd61ac5ec9277524928c2",
                "sha256:80929da75a678433dcc8c79db94eb373408778d17fe9b49c4521501a5923a3e2",
                "sha256:8b92d27414779f568484c4a0aeddbff8e1fa9d9403cff122161fa25bc94e7f44",
                "sha256:97faf00577c74a4f4b6304c1b7f6223fb0825d1a7cfaad5601cbeadd8282cd70",
                "sha256:9abfe8ef4f8898d0448de735a3270de466553b61de8e6ddc31fc8770003fdfa4",
                "sha256:a1c3737f659085eeaab83e016569368157d8d46d6a3be317c864dadd3c28fa42",
                "sha256:a3a480ac4077c868124427456c6a64dcb7da12817bd3e770006980a4fd0d2526",
                "sha256:b58c8c1ea4b80a5cbc756a11e446eec16088ebd9e080e71a64c458f6c07cb3c7",
                "sha256:da0797286c299c426e5b6cf03ca9e1dab0dace161b64d7a1879c4d15eb12ceba",
                "sha256:dcc194082d94c45fe8a005861cdce6ec33b51c1dccf2a7e6044b33038b82f579",
                "sha256:f5e7cd7068df4aa803be68edc7c6fc5e3ed934d53a7ab1f21539fb5925e0172e",
                "sha256:ff442e4fe6e66019b2070352e0cd6e7dde994ff1267d45343b587ed621e4ec47"
            ],
            "version": "==1.21.0rc1"
        },
        "plac": {
            "hashes": [
                "sha256:854693ad90367e8267112ffbb8955f57d6fdeac3191791dc9ffce80f87fd2370",
                "sha256:ba3f719a018175f0a15a6b04e6cc79c25fd563d348aacd320c3644d2a9baf89b"
            ],
            "version": "==0.9.6"
        },
        "preshed": {
            "hashes": [
                "sha256:0c9af79c7b825793f987d477627efb81afd23384ac791bebbc88a257342a77ab",
                "sha256:0ebc79431154bc5d12f97b3c93bc350af941702a44f0761dfcd395e970d693f8",
                "sha256:102e71dc841c979b2ece44ab05b2b0aa39c8039493ddac40dd22cf23e2484063",
                "sha256:15145b24eded01426544be829a6395d6c99e2d62f5f3b88a6e19087ebeef7237",
                "sha256:195674dfb4bcf18b26e448feaabdf61adcf028ae69ecaa075c0bdfaf62a19671",
                "sha256:38f7fbef59f89d3b2c8c3b102f9a7360cd73a33c829fdeb101c615b18ecc4686",
                "sha256:3aa411233dc230247ea4c4558062e5b2d59d41c697107a45fddbfe03e63f3e77",
                "sha256:3b8c7b607e6dce0843544cfe4f05355db0516fce8eca0c37d6b5f4f3680493bf",
                "sha256:4bda4153d46a603bc6ea65380dfa091d46700f664cb906c7f26a469be6c2a503",
                "sha256:541d7ed765d67512d6f9fa24fd01cc1d7a51c7ff2646362924f4db46813b485a",
                "sha256:593d23b9f851ae7a4d519ca4489dd2b352d833e08f5d35795d42a591b8badb54",
                "sha256:7f6fb8f4108abe958af892847ed50abe6f45aaf45a87853cc8154a7203e75d84",
                "sha256:7ff7f18af1f19ea666ac4fbf48842e6acd900fbfdc26bb9aad02f353ff932386",
                "sha256:9c0d503d8693bf1e08e0fa1cecbcd3253146abaa9a7501d7d583a72edd29fdd1",
                "sha256:9cefe818a97134c0ddf22ef76fced1c841ebd137c2895251c5d1310276c234b5",
                "sha256:9e603916a95dc524081d54c0a135611e6f68d787185d5df2b5ab3f076c3d1bd4",
                "sha256:a2acacceac79aa6d4b65125e20c7de78fbca1340a251854c87967acef1795490",
                "sha256:a3d592e7b265b4faf08c9b4d7493b9e8604e0ba8858cc9bd8c9aee41d3df2a3a",
                "sha256:b2030e68c6f539e6dd7bfcea032940042739ef05d50a2eb1d7af24e038971b0f",
                "sha256:bc894dc14d8567a5d6a1cded0a701da7fbb360b2124237fe8acde85333825aef",
                "sha256:c21d4d10cc0248ba3facbbbfbe63211ce921478a3d5db6de34de39ee1b3484e1",
                "sha256:dae01c74313965c487e0ec839e5f28d0c7df9bfd1d978aa5bada3f72ff20a9e5",
                "sha256:ee8068035684a4b382bebb3a3f270799360545baff9742b85e627a0a889e6850"
            ],
            "version": "==2.0.1"
        },
        "pyspellchecker": {
            "hashes": [
                "sha256:31c917e7531a306b16d3b5345f8880421e5aae3ef757d61032ebed5b32feaa14",
                "sha256:a6e42b3586614955d2c4b34f2d5777d362f1cd420c8371bfc5865f8001a19e3f"
            ],
            "index": "pypi",
            "version": "==0.5.0"
        },
        "requests": {
            "hashes": [
                "sha256:27973dd4a904a4f13b263a19c866c13b92a39ed1c964655f025f3f8d3d75b804",
                "sha256:c210084e36a42ae6b9219e00e48287def368a26d03a048ddad7bfee44f75871e"
            ],
            "version": "==2.25.1"
        },
        "spacy": {
            "hashes": [
                "sha256:1dab40ef0ba0beebdd98a05598930d0091d5ad7db88f615cc6446d86335d0054",
                "sha256:2a1cf2eb8851f27341bde6a597482cc408ca5b54a80fa5ed163d31efacc6ab24",
                "sha256:3986e74403e2ec5a1fc21bf57db4f144ba98a67c61f16e3bd41807af8aee9a32",
                "sha256:4a744768cdd10a5d3ab2383fd7ce13b9051885e819dd7dfdb4cf9dc111117358",
                "sha256:4d9b22447e2671ac95d7e88d65f8edf719235ff26a9f76f35c95cb5bb9970be2",
                "sha256:9c510459a66703739d6ba6c958fcff2627399dd813829a020d5644b532034ab6",
                "sha256:a8b7d63a71a60d8512ff18f181d3c0f0fedba8522b6cf5f47df20dc2db2b166c",
                "sha256:c026295614a487c7d0340eca94f9dae1beb8ca6f7eabef57e62baf011c304bfc",
                "sha256:d7b29b6689360540fa209529a855428c7742390b20b1dc7a4c7cf6c0e5bc7ff9",
                "sha256:e66698cd7f6737d1ac1af55428c91d5f7af86bd2295cd43b7bc62ccd3646d216"
            ],
            "index": "pypi",
            "version": "==2.1.8"
        },
        "srsly": {
            "hashes": [
                "sha256:11447f8e659e1f62f29302252fb057f179031457b36c83426027182f624fe565",
                "sha256:23c7205b8c1cac49a03521bee37f0afe3680d9f0ec18c75ab3ac39bd3e15272b",
                "sha256:2615b8713dfe793ca57925076b0869385d56754816b1eaee5490a6827a1cb5c7",
                "sha256:334f29435099e644a8047b63d60b8386a98b5f7b4739f7efc86b46ca0200aa0e",
                "sha256:4c43a1f28e555891a1e65650adea2c5d0f0fe4b3d63821de65c8357f32c3a11c",
                "sha256:779ebfaa3cf1d5c0f1286ac1baf06af5f2a17bb103622992c71acc6ac20b2781",
                "sha256:8fc4c0641537262e15c7b5b57edc47487b15ac47b696adcb81e0a770ef78e8f5",
                "sha256:a1449da4195e30a3bd1fd3122e5b1a0c57703843c590643555c412fc87132aa0",
                "sha256:a2746afccfd4f51f0793cccc2b6d5e8a564c962870feec5c77408244c1dbb3c5",
                "sha256:a696e9c925e91f76ec53840c55483a4fbf76cb717424410a4f249d4805439038",
                "sha256:b5b887328ac6e210842560fcf32a29c2a9c1ed38c6d47479cadc03d81940da8c",
                "sha256:d3dd796372367c71946d0cd6f734e49db3d99dd13a57bdac937d9eb62689fc9e",
                "sha256:fd5e1e01f5fd0f532a6f3977bb74facc42f1b7155402ee3d06c07a73e83e3c47"
            ],
            "version": "==1.0.5"
        },
        "thinc": {
            "hashes": [
                "sha256:02c3aceae5057f13bb17aae8c9ad945a1986599387febb1ceeced1a4dac2066e",
                "sha256:2c62d9527f5f5fe0c79947a96a855f831ae3c949db00452d99991148370acff1",
                "sha256:3894eae850735d6033ca33f3f4fb61e35650ae33533e7d6b9b956a567dbe0db1",
                "sha256:4ef23bea2d7cc67b1b37c87b49536e4bc5bf91a25c3ba5b0dac07d5b89dbcc1a",
                "sha256:5cdb72e8efec0e7b6efae09a09245d744f144114048f63f1ed4b63b8656d2aa4",
                "sha256:6ebf3519383b8c7ee64d0f7041818486e4f4c6119c55f1a39412e005893da11a",
                "sha256:89df96c2cc2e45c92e7217c3cc0c30a01443f958e565e373239186ff939fdfe9",
                "sha256:95589d0d177739ae36d6b31b14c62c01e3e32fa3debbffcbcbd436b4d09e910f",
                "sha256:b117fb43048ed28b5fe0285e81a2a1e6b4999edd638413e2e52fa981d0c7e5a5",
                "sha256:e646c6a656d33019510ee464ebff545940d712706674dbf0136434245625e2dd",
                "sha256:e7486cffa3f8f374efb5c008f32776e104a6afeb6f8d9149ec868726fc6ef1af",
                "sha256:f27e0fe9b1e4be2eb0ff95112a9cbcd79e1614d25b8bae6f2e8e2b727c2a2fe6"
            ],
            "version": "==7.0.8"
        },
        "tqdm": {
            "hashes": [
                "sha256:736524215c690621b06fc89d0310a49822d75e599fcd0feb7cc742b98d692493",
                "sha256:cd5791b5d7c3f2f1819efc81d36eb719a38e0906a7380365c556779f585ea042"
            ],
            "version": "==4.61.0"
        },
        "urllib3": {
            "hashes": [
                "sha256:753a0374df26658f99d826cfe40394a686d05985786d946fbe4165b5148f5a7c",
                "sha256:a7acd0977125325f516bda9735fa7142b909a8d01e8b2e4c8108d0984e6e0098"
            ],
            "index": "pypi",
            "version": "==1.26.5"
        },
        "wasabi": {
            "hashes": [
                "sha256:a493e09d86109ec6d9e70d040472f9facc44634d4ae6327182f94091ca73a490",
                "sha256:b4a36aaa9ca3a151f0c558f269d442afbb3526f0160fd541acd8a0d5e5712054"
            ],
            "version": "==0.8.2"
        }
    },
    "develop": {
        "appdirs": {
            "hashes": [
                "sha256:7d5d0167b2b1ba821647616af46a749d1c653740dd0d2415100fe26e27afdf41",
                "sha256:a841dacd6b99318a741b166adb07e19ee71a274450e68237b4650ca1055ab128"
            ],
            "version": "==1.4.4"
        },
        "atomicwrites": {
            "hashes": [
                "sha256:6d1784dea7c0c8d4a5172b6c620f40b6e4cbfdf96d783691f2e1302a7b88e197",
                "sha256:ae70396ad1a434f9c7046fd2dd196fc04b12f9e91ffb859164193be8b6168a7a"
            ],
            "version": "==1.4.0"
        },
        "attrs": {
            "hashes": [
                "sha256:149e90d6d8ac20db7a955ad60cf0e6881a3f20d37096140088356da6c716b0b1",
                "sha256:ef6aaac3ca6cd92904cdd0d83f629a15f18053ec84e6432106f7a4d04ae4f5fb"
            ],
            "version": "==21.2.0"
        },
        "black": {
            "hashes": [
                "sha256:09a9dcb7c46ed496a9850b76e4e825d6049ecd38b611f1224857a79bd985a8cf",
                "sha256:68950ffd4d9169716bcb8719a56c07a2f4485354fec061cdd5910aa07369731c"
            ],
            "index": "pypi",
            "version": "==19.3b0"
        },
        "click": {
            "hashes": [
                "sha256:8c04c11192119b1ef78ea049e0a6f0463e4c48ef00a30160c704337586f3ad7a",
                "sha256:fba402a4a47334742d782209a7c79bc448911afe1149d07bdabdf480b3e2f4b6"
            ],
            "version": "==8.0.1"
        },
        "importlib-metadata": {
            "hashes": [
                "sha256:960d52ba7c21377c990412aca380bf3642d734c2eaab78a2c39319f67c6a5786",
                "sha256:e592faad8de1bda9fe920cf41e15261e7131bcf266c30306eec00e8e225c1dd5"
            ],
            "markers": "python_version < '3.8'",
            "version": "==4.4.0"
        },
        "more-itertools": {
            "hashes": [
                "sha256:2cf89ec599962f2ddc4d568a05defc40e0a587fbc10d5989713638864c36be4d",
                "sha256:83f0308e05477c68f56ea3a888172c78ed5d5b3c282addb67508e7ba6c8f813a"
            ],
            "version": "==8.8.0"
        },
        "packaging": {
            "hashes": [
                "sha256:5b327ac1320dc863dca72f4514ecc086f31186744b84a230374cc1fd776feae5",
                "sha256:67714da7f7bc052e064859c05c595155bd1ee9f69f76557e21f051443c20947a"
            ],
            "version": "==20.9"
        },
        "pluggy": {
            "hashes": [
                "sha256:15b2acde666561e1298d71b523007ed7364de07029219b604cf808bfa1c765b0",
                "sha256:966c145cd83c96502c3c3868f50408687b38434af77734af1e9ca461a4081d2d"
            ],
            "version": "==0.13.1"
        },
        "py": {
            "hashes": [
                "sha256:21b81bda15b66ef5e1a777a21c4dcd9c20ad3efd0b3f817e7a809035269e1bd3",
                "sha256:3b80836aa6d1feeaa108e046da6423ab8f6ceda6468545ae8d02d9d58d18818a"
            ],
            "version": "==1.10.0"
        },
        "pyparsing": {
            "hashes": [
                "sha256:1c6409312ce2ce2997896af5756753778d5f1603666dba5587804f09ad82ed27",
                "sha256:f4896b4cc085a1f8f8ae53a1a90db5a86b3825ff73eb974dffee3d9e701007f4"
            ],
            "version": "==3.0.0b2"
        },
        "pytest": {
            "hashes": [
                "sha256:6ef6d06de77ce2961156013e9dff62f1b2688aa04d0dc244299fe7d67e09370d",
                "sha256:a736fed91c12681a7b34617c8fcefe39ea04599ca72c608751c31d89579a3f77"
            ],
            "index": "pypi",
            "version": "==5.0.1"
        },
        "toml": {
            "hashes": [
                "sha256:806143ae5bfb6a3c6e736a764057db0e6a0e05e338b5630894a5f779cabb4f9b",
                "sha256:b3bda1d108d5dd99f4a20d24d9c348e91c4db7ab1b749200bded2f839ccbe68f"
            ],
            "version": "==0.10.2"
        },
        "typing-extensions": {
            "hashes": [
                "sha256:0ac0f89795dd19de6b97debb0c6af1c70987fd80a2d62d1958f7e56fcc31b497",
                "sha256:50b6f157849174217d0656f99dc82fe932884fb250826c18350e159ec6cdf342",
                "sha256:779383f6086d90c99ae41cf0ff39aac8a7937a9283ce0a414e5dd782f4c94a84"
            ],
            "markers": "python_version < '3.8'",
            "version": "==3.10.0.0"
        },
        "wcwidth": {
            "hashes": [
                "sha256:beb4802a9cebb9144e99086eff703a642a13d6a0052920003a230f3294bbe784",
                "sha256:c4d647b99872929fdb7bdcaa4fbe7f01413ed3d98077df798530e5b04f116c83"
            ],
            "version": "==0.2.5"
        },
        "zipp": {
            "hashes": [
                "sha256:3607921face881ba3e026887d8150cca609d517579abe052ac81fc5aeffdbd76",
                "sha256:51cb66cc54621609dd593d1787f286ee42a5c0adbb4b29abea5a63edc3e03098"
            ],
            "version": "==3.4.1"
        }
    }
}
